
Microsoft Visual Studio Solution File, Format Version 12.00
# Visual Studio Version 17
VisualStudioVersion = 17.7.34031.279
MinimumVisualStudioVersion = 10.0.40219.1
Project("{FAE04EC0-301F-11D3-BF4B-00C04F79EFBC}") = "Organic", "Organic\Organic.csproj", "{DFB00DF4-DBFC-431C-A056-8659275423CD}"
EndProject
Global
	GlobalSection(SolutionConfigurationPlatforms) = preSolution
		Debug|Any CPU = Debug|Any CPU
		Release|Any CPU = Release|Any CPU
	EndGlobalSection
	GlobalSection(ProjectConfigurationPlatforms) = postSolution
		{DFB00DF4-DBFC-431C-A056-8659275423CD}.Debug|Any CPU.ActiveCfg = Debug|Any CPU
		{DFB00DF4-DBFC-431C-A056-8659275423CD}.Debug|Any CPU.Build.0 = Debug|Any CPU
		{DFB00DF4-DBFC-431C-A056-8659275423CD}.Release|Any CPU.ActiveCfg = Release|Any CPU
		{DFB00DF4-DBFC-431C-A056-8659275423CD}.Release|Any CPU.Build.0 = Release|Any CPU
	EndGlobalSection
	GlobalSection(SolutionProperties) = preSolution
		HideSolutionNode = FALSE
	EndGlobalSection
	GlobalSection(ExtensibilityGlobals) = postSolution
		SolutionGuid = {B415EDCD-984F-45EF-8044-D6656B993978}
	EndGlobalSection
EndGlobal
